
Microsoft Visual Studio Solution File, Format Version 12.00
# Visual Studio 15
VisualStudioVersion = 15.0.28307.271
MinimumVisualStudioVersion = 10.0.40219.1
Project("{FAE04EC0-301F-11D3-BF4B-00C04F79EFBC}") = "ITCL", "ITCL\ITCL.csproj", "{00054860-C611-467F-B2B2-1E954A3DFBBA}"
EndProject
Global
	GlobalSection(SolutionConfigurationPlatforms) = preSolution
		Debug|Any CPU = Debug|Any CPU
		Release|Any CPU = Release|Any CPU
	EndGlobalSection
	GlobalSection(ProjectConfigurationPlatforms) = postSolution
		{00054860-C611-467F-B2B2-1E954A3DFBBA}.Debug|Any CPU.ActiveCfg = Debug|Any CPU
		{00054860-C611-467F-B2B2-1E954A3DFBBA}.Debug|Any CPU.Build.0 = Debug|Any CPU
		{00054860-C611-467F-B2B2-1E954A3DFBBA}.Release|Any CPU.ActiveCfg = Release|Any CPU
		{00054860-C611-467F-B2B2-1E954A3DFBBA}.Release|Any CPU.Build.0 = Release|Any CPU
	EndGlobalSection
	GlobalSection(SolutionProperties) = preSolution
		HideSolutionNode = FALSE
	EndGlobalSection
	GlobalSection(ExtensibilityGlobals) = postSolution
		SolutionGuid = {503AD8C7-C9B5-442C-B3EE-D9D901C64772}
	EndGlobalSection
EndGlobal
